
Microsoft Visual Studio Solution File, Format Version 12.00
# Visual Studio Version 16
VisualStudioVersion = 16.0.31321.278
MinimumVisualStudioVersion = 10.0.40219.1
Project("{8BC9CEB8-8B4A-11D0-8D11-00A0C91BC942}") = "EasyQPainter", "EasyQPainter.vcxproj", "{A2D5FCC8-0233-3B3E-8DBD-AC21FFF69833}"
EndProject
Global
	GlobalSection(SolutionConfigurationPlatforms) = preSolution
		Debug|x64 = Debug|x64
		Release|x64 = Release|x64
	EndGlobalSection
	GlobalSection(ProjectConfigurationPlatforms) = postSolution
		{A2D5FCC8-0233-3B3E-8DBD-AC21FFF69833}.Debug|x64.ActiveCfg = Debug|x64
		{A2D5FCC8-0233-3B3E-8DBD-AC21FFF69833}.Debug|x64.Build.0 = Debug|x64
		{A2D5FCC8-0233-3B3E-8DBD-AC21FFF69833}.Release|x64.ActiveCfg = Release|x64
		{A2D5FCC8-0233-3B3E-8DBD-AC21FFF69833}.Release|x64.Build.0 = Release|x64
	EndGlobalSection
	GlobalSection(SolutionProperties) = preSolution
		HideSolutionNode = FALSE
	EndGlobalSection
	GlobalSection(ExtensibilityGlobals) = postSolution
		SolutionGuid = {10FC52A2-68B1-4D5C-8ECC-B7B346D2511A}
	EndGlobalSection
EndGlobal
